schema: '2.0'
stages:
  preprocess:
    cmd: python scripts/preprocess.py
    deps:
    - path: data/tweets_suspect.csv
      hash: md5
      md5: 60e5f26c964cb0a766047fd993102170
      size: 4695170
    - path: scripts/preprocess.py
      hash: md5
      md5: 7f7357b64aeb4c9d3d993f82ac97ea39
      size: 803
    outs:
    - path: data/tweets_preprocessed.csv
      hash: md5
      md5: 7b53093b1e1d466316f1c9c117ee6857
      size: 7295729
  train:
    cmd: python scripts/train.py
    deps:
    - path: data/tweets_preprocessed.csv
      hash: md5
      md5: 7b53093b1e1d466316f1c9c117ee6857
      size: 7295729
    - path: scripts/train.py
      hash: md5
      md5: 755027c7aaa21c7f71089c76e6efa3cb
      size: 2074
    outs:
    - path: models/model.pkl
      hash: md5
      md5: a8e0412137600922d805ff73646af993
      size: 315232
    - path: models/tfidf_vectorizer.pkl
      hash: md5
      md5: a270e2cc47929b8d62a842f2a8275221
      size: 179224
  evaluate:
    cmd: python scripts/evaluate.py
    deps:
    - path: data/tweets_preprocessed.csv
      hash: md5
      md5: 7b53093b1e1d466316f1c9c117ee6857
      size: 7295729
    - path: models/model.pkl
      hash: md5
      md5: a8e0412137600922d805ff73646af993
      size: 315232
    - path: models/tfidf_vectorizer.pkl
      hash: md5
      md5: a270e2cc47929b8d62a842f2a8275221
      size: 179224
    - path: scripts/evaluate.py
      hash: md5
      md5: 44e3740dcba3ebd4c6f81928f0d71cf6
      size: 2781
    outs:
    - path: confusion_matrix.png
      hash: md5
      md5: 3145742bc37ad0e7e4b409a8a6639f25
      size: 22616
    - path: courbe_roc.png
      hash: md5
      md5: 63c5623cdecad9d9055685d486c220a8
      size: 35328
    - path: metrics.json
      hash: md5
      md5: 241ad100301e449eaa1d902238131d09
      size: 94
